
Microsoft Visual Studio Solution File, Format Version 12.00
# Visual Studio Version 17
VisualStudioVersion = 17.8.34408.163
MinimumVisualStudioVersion = 10.0.40219.1
Project("{FAE04EC0-301F-11D3-BF4B-00C04F79EFBC}") = "hagglehaul.Server", "hagglehaul.Server\hagglehaul.Server.csproj", "{EE2B0AEA-DFB8-4C68-A5CB-7168C0F3E1BC}"
EndProject
Project("{54A90642-561A-4BB1-A94E-469ADEE60C69}") = "hagglehaul.client", "hagglehaul.client\hagglehaul.client.esproj", "{E6F48197-51B6-4290-9CA6-B99A5391AB51}"
EndProject
Project("{FAE04EC0-301F-11D3-BF4B-00C04F79EFBC}") = "hagglehaul.Tests", "hagglehaul.Tests\hagglehaul.Tests.csproj", "{5C696F82-3EA6-45CA-8BCA-5E64A5315CE4}"
EndProject
Global
	GlobalSection(SolutionConfigurationPlatforms) = preSolution
		Debug|Any CPU = Debug|Any CPU
		Release|Any CPU = Release|Any CPU
	EndGlobalSection
	GlobalSection(ProjectConfigurationPlatforms) = postSolution
		{EE2B0AEA-DFB8-4C68-A5CB-7168C0F3E1BC}.Debug|Any CPU.ActiveCfg = Debug|Any CPU
		{EE2B0AEA-DFB8-4C68-A5CB-7168C0F3E1BC}.Debug|Any CPU.Build.0 = Debug|Any CPU
		{EE2B0AEA-DFB8-4C68-A5CB-7168C0F3E1BC}.Release|Any CPU.ActiveCfg = Release|Any CPU
		{EE2B0AEA-DFB8-4C68-A5CB-7168C0F3E1BC}.Release|Any CPU.Build.0 = Release|Any CPU
		{E6F48197-51B6-4290-9CA6-B99A5391AB51}.Debug|Any CPU.ActiveCfg = Debug|Any CPU
		{E6F48197-51B6-4290-9CA6-B99A5391AB51}.Debug|Any CPU.Build.0 = Debug|Any CPU
		{E6F48197-51B6-4290-9CA6-B99A5391AB51}.Debug|Any CPU.Deploy.0 = Debug|Any CPU
		{E6F48197-51B6-4290-9CA6-B99A5391AB51}.Release|Any CPU.ActiveCfg = Release|Any CPU
		{E6F48197-51B6-4290-9CA6-B99A5391AB51}.Release|Any CPU.Build.0 = Release|Any CPU
		{E6F48197-51B6-4290-9CA6-B99A5391AB51}.Release|Any CPU.Deploy.0 = Release|Any CPU
		{5C696F82-3EA6-45CA-8BCA-5E64A5315CE4}.Debug|Any CPU.ActiveCfg = Debug|Any CPU
		{5C696F82-3EA6-45CA-8BCA-5E64A5315CE4}.Debug|Any CPU.Build.0 = Debug|Any CPU
		{5C696F82-3EA6-45CA-8BCA-5E64A5315CE4}.Release|Any CPU.ActiveCfg = Release|Any CPU
		{5C696F82-3EA6-45CA-8BCA-5E64A5315CE4}.Release|Any CPU.Build.0 = Release|Any CPU
	EndGlobalSection
	GlobalSection(SolutionProperties) = preSolution
		HideSolutionNode = FALSE
	EndGlobalSection
	GlobalSection(ExtensibilityGlobals) = postSolution
		SolutionGuid = {D0F65591-A4BE-45E5-A1EF-179FD25EF29E}
	EndGlobalSection
EndGlobal
